
Microsoft Visual Studio Solution File, Format Version 12.00
# Visual Studio Version 16
VisualStudioVersion = 16.0.29911.84
MinimumVisualStudioVersion = 10.0.40219.1
Project("{FAE04EC0-301F-11D3-BF4B-00C04F79EFBC}") = "ContactManagerCSharp", "ContactManagerCSharp\ContactManagerCSharp.csproj", "{259722A1-E721-49DF-93CA-958A4889A8BC}"
EndProject
Global
	GlobalSection(SolutionConfigurationPlatforms) = preSolution
		Debug|Any CPU = Debug|Any CPU
		Release|Any CPU = Release|Any CPU
	EndGlobalSection
	GlobalSection(ProjectConfigurationPlatforms) = postSolution
		{259722A1-E721-49DF-93CA-958A4889A8BC}.Debug|Any CPU.ActiveCfg = Debug|Any CPU
		{259722A1-E721-49DF-93CA-958A4889A8BC}.Debug|Any CPU.Build.0 = Debug|Any CPU
		{259722A1-E721-49DF-93CA-958A4889A8BC}.Release|Any CPU.ActiveCfg = Release|Any CPU
		{259722A1-E721-49DF-93CA-958A4889A8BC}.Release|Any CPU.Build.0 = Release|Any CPU
	EndGlobalSection
	GlobalSection(SolutionProperties) = preSolution
		HideSolutionNode = FALSE
	EndGlobalSection
	GlobalSection(ExtensibilityGlobals) = postSolution
		SolutionGuid = {7BDE8115-E376-49F2-9B49-E77631BC11B2}
	EndGlobalSection
EndGlobal
